
Microsoft Visual Studio Solution File, Format Version 12.00
# Visual Studio Version 16
VisualStudioVersion = 16.0.32106.194
MinimumVisualStudioVersion = 10.0.40219.1
Project("{FAE04EC0-301F-11D3-BF4B-00C04F79EFBC}") = "SocketServer", "SocketServer\SocketServer.csproj", "{2CBE59DE-4DBC-49D3-B7ED-D550793F1533}"
EndProject
Project("{FAE04EC0-301F-11D3-BF4B-00C04F79EFBC}") = "SocketClient", "SocketClient\SocketClient.csproj", "{755F2FE7-02E2-4401-BB9B-36021549921E}"
EndProject
Project("{FAE04EC0-301F-11D3-BF4B-00C04F79EFBC}") = "P2PMessenger", "P2PMessenger\P2PMessenger.csproj", "{CE3EE9D2-CF7F-413F-A747-19296A5D4C91}"
EndProject
Project("{FAE04EC0-301F-11D3-BF4B-00C04F79EFBC}") = "FileSendClient", "FileSend\FileSendClient\FileSendClient.csproj", "{03DB44F4-C808-42C9-8964-0475E62DB1AA}"
EndProject
Project("{FAE04EC0-301F-11D3-BF4B-00C04F79EFBC}") = "FileReceiveServer", "FileSend\FileReceiveServer\FileReceiveServer.csproj", "{4BA12BC9-3655-4A94-8068-7AA86D5AEED3}"
EndProject
Project("{2150E333-8FDC-42A3-9474-1A3956D46DE8}") = "FileSendAndReceive", "FileSendAndReceive", "{A5DBB475-C9CA-4F4E-8463-7F0C9D3AA6AF}"
EndProject
Project("{2150E333-8FDC-42A3-9474-1A3956D46DE8}") = "Socket", "Socket", "{F0535F8E-7FB6-40B1-B154-397453EF68FF}"
EndProject
Project("{2150E333-8FDC-42A3-9474-1A3956D46DE8}") = "P2P", "P2P", "{E551C190-E94C-439C-80DD-F9DEBA133CE5}"
EndProject
Project("{FAE04EC0-301F-11D3-BF4B-00C04F79EFBC}") = "GeneralLib", "GeneralLib\GeneralLib.csproj", "{30AA34E7-A4C0-4065-8503-B59BA0E98D23}"
EndProject
Project("{FAE04EC0-301F-11D3-BF4B-00C04F79EFBC}") = "RemotingServer", "RemotingServer\RemotingServer.csproj", "{FC0BD5AD-DCC9-4A8C-B87D-0F389503780F}"
EndProject
Project("{FAE04EC0-301F-11D3-BF4B-00C04F79EFBC}") = "RemotingClient", "RemotingClient\RemotingClient.csproj", "{CB6D2D58-8B6E-400A-A67F-396DF3835F17}"
EndProject
Global
	GlobalSection(SolutionConfigurationPlatforms) = preSolution
		Debug|Any CPU = Debug|Any CPU
		Release|Any CPU = Release|Any CPU
	EndGlobalSection
	GlobalSection(ProjectConfigurationPlatforms) = postSolution
		{2CBE59DE-4DBC-49D3-B7ED-D550793F1533}.Debug|Any CPU.ActiveCfg = Debug|Any CPU
		{2CBE59DE-4DBC-49D3-B7ED-D550793F1533}.Debug|Any CPU.Build.0 = Debug|Any CPU
		{2CBE59DE-4DBC-49D3-B7ED-D550793F1533}.Release|Any CPU.ActiveCfg = Release|Any CPU
		{2CBE59DE-4DBC-49D3-B7ED-D550793F1533}.Release|Any CPU.Build.0 = Release|Any CPU
		{755F2FE7-02E2-4401-BB9B-36021549921E}.Debug|Any CPU.ActiveCfg = Debug|Any CPU
		{755F2FE7-02E2-4401-BB9B-36021549921E}.Debug|Any CPU.Build.0 = Debug|Any CPU
		{755F2FE7-02E2-4401-BB9B-36021549921E}.Release|Any CPU.ActiveCfg = Release|Any CPU
		{755F2FE7-02E2-4401-BB9B-36021549921E}.Release|Any CPU.Build.0 = Release|Any CPU
		{CE3EE9D2-CF7F-413F-A747-19296A5D4C91}.Debug|Any CPU.ActiveCfg = Debug|Any CPU
		{CE3EE9D2-CF7F-413F-A747-19296A5D4C91}.Debug|Any CPU.Build.0 = Debug|Any CPU
		{CE3EE9D2-CF7F-413F-A747-19296A5D4C91}.Release|Any CPU.ActiveCfg = Release|Any CPU
		{CE3EE9D2-CF7F-413F-A747-19296A5D4C91}.Release|Any CPU.Build.0 = Release|Any CPU
		{03DB44F4-C808-42C9-8964-0475E62DB1AA}.Debug|Any CPU.ActiveCfg = Debug|Any CPU
		{03DB44F4-C808-42C9-8964-0475E62DB1AA}.Debug|Any CPU.Build.0 = Debug|Any CPU
		{03DB44F4-C808-42C9-8964-0475E62DB1AA}.Release|Any CPU.ActiveCfg = Release|Any CPU
		{03DB44F4-C808-42C9-8964-0475E62DB1AA}.Release|Any CPU.Build.0 = Release|Any CPU
		{4BA12BC9-3655-4A94-8068-7AA86D5AEED3}.Debug|Any CPU.ActiveCfg = Debug|Any CPU
		{4BA12BC9-3655-4A94-8068-7AA86D5AEED3}.Debug|Any CPU.Build.0 = Debug|Any CPU
		{4BA12BC9-3655-4A94-8068-7AA86D5AEED3}.Release|Any CPU.ActiveCfg = Release|Any CPU
		{4BA12BC9-3655-4A94-8068-7AA86D5AEED3}.Release|Any CPU.Build.0 = Release|Any CPU
		{30AA34E7-A4C0-4065-8503-B59BA0E98D23}.Debug|Any CPU.ActiveCfg = Debug|Any CPU
		{30AA34E7-A4C0-4065-8503-B59BA0E98D23}.Debug|Any CPU.Build.0 = Debug|Any CPU
		{30AA34E7-A4C0-4065-8503-B59BA0E98D23}.Release|Any CPU.ActiveCfg = Release|Any CPU
		{30AA34E7-A4C0-4065-8503-B59BA0E98D23}.Release|Any CPU.Build.0 = Release|Any CPU
		{FC0BD5AD-DCC9-4A8C-B87D-0F389503780F}.Debug|Any CPU.ActiveCfg = Debug|Any CPU
		{FC0BD5AD-DCC9-4A8C-B87D-0F389503780F}.Debug|Any CPU.Build.0 = Debug|Any CPU
		{FC0BD5AD-DCC9-4A8C-B87D-0F389503780F}.Release|Any CPU.ActiveCfg = Release|Any CPU
		{FC0BD5AD-DCC9-4A8C-B87D-0F389503780F}.Release|Any CPU.Build.0 = Release|Any CPU
		{CB6D2D58-8B6E-400A-A67F-396DF3835F17}.Debug|Any CPU.ActiveCfg = Debug|Any CPU
		{CB6D2D58-8B6E-400A-A67F-396DF3835F17}.Debug|Any CPU.Build.0 = Debug|Any CPU
		{CB6D2D58-8B6E-400A-A67F-396DF3835F17}.Release|Any CPU.ActiveCfg = Release|Any CPU
		{CB6D2D58-8B6E-400A-A67F-396DF3835F17}.Release|Any CPU.Build.0 = Release|Any CPU
	EndGlobalSection
	GlobalSection(SolutionProperties) = preSolution
		HideSolutionNode = FALSE
	EndGlobalSection
	GlobalSection(NestedProjects) = preSolution
		{2CBE59DE-4DBC-49D3-B7ED-D550793F1533} = {F0535F8E-7FB6-40B1-B154-397453EF68FF}
		{755F2FE7-02E2-4401-BB9B-36021549921E} = {F0535F8E-7FB6-40B1-B154-397453EF68FF}
		{CE3EE9D2-CF7F-413F-A747-19296A5D4C91} = {E551C190-E94C-439C-80DD-F9DEBA133CE5}
		{03DB44F4-C808-42C9-8964-0475E62DB1AA} = {A5DBB475-C9CA-4F4E-8463-7F0C9D3AA6AF}
		{4BA12BC9-3655-4A94-8068-7AA86D5AEED3} = {A5DBB475-C9CA-4F4E-8463-7F0C9D3AA6AF}
	EndGlobalSection
	GlobalSection(ExtensibilityGlobals) = postSolution
		SolutionGuid = {F77FB6BE-D7E3-467A-A986-2686292D9AEF}
	EndGlobalSection
EndGlobal
